// !$*UTF8*$!
{
	archiveVersion = 1;
	classes = {
	};
	objectVersion = 46;
	objects = {

/* Begin PBXBuildFile section */
		81C5D9391E67A8FC003057BA /* AppDelegate.swift in Sources */ = {isa = PBXBuildFile; fileRef = 81C5D9381E67A8FC003057BA /* AppDelegate.swift */; };
		81C5D93B1E67A8FC003057BA /* ViewController.swift in Sources */ = {isa = PBXBuildFile; fileRef = 81C5D93A1E67A8FC003057BA /* ViewController.swift */; };
		81C5D93E1E67A8FC003057BA /* Main.storyboard in Resources */ = {isa = PBXBuildFile; fileRef = 81C5D93C1E67A8FC003057BA /* Main.storyboard */; };
		81C5D9401E67A8FC003057BA /* Assets.xcassets in Resources */ = {isa = PBXBuildFile; fileRef = 81C5D93F1E67A8FC003057BA /* Assets.xcassets */; };
		81C5D9431E67A8FC003057BA /* LaunchScreen.storyboard in Resources */ = {isa = PBXBuildFile; fileRef = 81C5D9411E67A8FC003057BA /* LaunchScreen.storyboard */; };
		81C5D94E1E67A8FC003057BA /* SkyTests.swift in Sources */ = {isa = PBXBuildFile; fileRef = 81C5D94D1E67A8FC003057BA /* SkyTests.swift */; };
		81C5D9591E67A8FC003057BA /* SkyUITests.swift in Sources */ = {isa = PBXBuildFile; fileRef = 81C5D9581E67A8FC003057BA /* SkyUITests.swift */; };
/* End PBXBuildFile section */

/* Begin PBXContainerItemProxy section */
		81C5D94A1E67A8FC003057BA /* PBXContainerItemProxy */ = {
			isa = PBXContainerItemProxy;
			containerPortal = 81C5D92D1E67A8FC003057BA /* Project object */;
			proxyType = 1;
			remoteGlobalIDString = 81C5D9341E67A8FC003057BA;
			remoteInfo = Sky;
		};
		81C5D9551E67A8FC003057BA /* PBXContainerItemProxy */ = {
			isa = PBXContainerItemProxy;
			containerPortal = 81C5D92D1E67A8FC003057BA /* Project object */;
			proxyType = 1;
			remoteGlobalIDString = 81C5D9341E67A8FC003057BA;
			remoteInfo = Sky;
		};
/* End PBXContainerItemProxy section */

/* Begin PBXFileReference section */
		81C5D9351E67A8FC003057BA /* Sky.app */ = {isa = PBXFileReference; explicitFileType = wrapper.application; includeInIndex = 0; path = Sky.app; sourceTree = BUILT_PRODUCTS_DIR; };
		81C5D9381E67A8FC003057BA /* AppDelegate.swift */ = {isa = PBXFileReference; lastKnownFileType = sourcecode.swift; path = AppDelegate.swift; sourceTree = "<group>"; };
		81C5D93A1E67A8FC003057BA /* ViewController.swift */ = {isa = PBXFileReference; lastKnownFileType = sourcecode.swift; path = ViewController.swift; sourceTree = "<group>"; };
		81C5D93D1E67A8FC003057BA /* Base */ = {isa = PBXFileReference; lastKnownFileType = file.storyboard; name = Base; path = Base.lproj/Main.storyboard; sourceTree = "<group>"; };
		81C5D93F1E67A8FC003057BA /* Assets.xcassets */ = {isa = PBXFileReference; lastKnownFileType = folder.assetcatalog; path = Assets.xcassets; sourceTree = "<group>"; };
		81C5D9421E67A8FC003057BA /* Base */ = {isa = PBXFileReference; lastKnownFileType = file.storyboard; name = Base; path = Base.lproj/LaunchScreen.storyboard; sourceTree = "<group>"; };
		81C5D9441E67A8FC003057BA /* Info.plist */ = {isa = PBXFileReference; lastKnownFileType = text.plist.xml; path = Info.plist; sourceTree = "<group>"; };
		81C5D9491E67A8FC003057BA /* SkyTests.xctest */ = {isa = PBXFileReference; explicitFileType = wrapper.cfbundle; includeInIndex = 0; path = SkyTests.xctest; sourceTree = BUILT_PRODUCTS_DIR; };
		81C5D94D1E67A8FC003057BA /* SkyTests.swift */ = {isa = PBXFileReference; lastKnownFileType = sourcecode.swift; path = SkyTests.swift; sourceTree = "<group>"; };
		81C5D94F1E67A8FC003057BA /* Info.plist */ = {isa = PBXFileReference; lastKnownFileType = text.plist.xml; path = Info.plist; sourceTree = "<group>"; };
		81C5D9541E67A8FC003057BA /* SkyUITests.xctest */ = {isa = PBXFileReference; explicitFileType = wrapper.cfbundle; includeInIndex = 0; path = SkyUITests.xctest; sourceTree = BUILT_PRODUCTS_DIR; };
		81C5D9581E67A8FC003057BA /* SkyUITests.swift */ = {isa = PBXFileReference; lastKnownFileType = sourcecode.swift; path = SkyUITests.swift; sourceTree = "<group>"; };
		81C5D95A1E67A8FC003057BA /* Info.plist */ = {isa = PBXFileReference; lastKnownFileType = text.plist.xml; path = Info.plist; sourceTree = "<group>"; };
/* End PBXFileReference section */

/* Begin PBXFrameworksBuildPhase section */
		81C5D9321E67A8FC003057BA /* Frameworks */ = {
			isa = PBXFrameworksBuildPhase;
			buildActionMask = 2147483647;
			files = (
			);
			runOnlyForDeploymentPostprocessing = 0;
		};
		81C5D9461E67A8FC003057BA /* Frameworks */ = {
			isa = PBXFrameworksBuildPhase;
			buildActionMask = 2147483647;
			files = (
			);
			runOnlyForDeploymentPostprocessing = 0;
		};
		81C5D9511E67A8FC003057BA /* Frameworks */ = {
			isa = PBXFrameworksBuildPhase;
			buildActionMask = 2147483647;
			files = (
			);
			runOnlyForDeploymentPostprocessing = 0;
		};
/* End PBXFrameworksBuildPhase section */

/* Begin PBXGroup section */
		81C5D92C1E67A8FC003057BA = {
			isa = PBXGroup;
			children = (
				81C5D9371E67A8FC003057BA /* Sky */,
				81C5D94C1E67A8FC003057BA /* SkyTests */,
				81C5D9571E67A8FC003057BA /* SkyUITests */,
				81C5D9361E67A8FC003057BA /* Products */,
			);
			sourceTree = "<group>";
		};
		81C5D9361E67A8FC003057BA /* Products */ = {
			isa = PBXGroup;
			children = (
				81C5D9351E67A8FC003057BA /* Sky.app */,
				81C5D9491E67A8FC003057BA /* SkyTests.xctest */,
				81C5D9541E67A8FC003057BA /* SkyUITests.xctest */,
			);
			name = Products;
			sourceTree = "<group>";
		};
		81C5D9371E67A8FC003057BA /* Sky */ = {
			isa = PBXGroup;
			children = (
				81C5D9381E67A8FC003057BA /* AppDelegate.swift */,
				81C5D93A1E67A8FC003057BA /* ViewController.swift */,
				81C5D93C1E67A8FC003057BA /* Main.storyboard */,
				81C5D93F1E67A8FC003057BA /* Assets.xcassets */,
				81C5D9411E67A8FC003057BA /* LaunchScreen.storyboard */,
				81C5D9441E67A8FC003057BA /* Info.plist */,
			);
			path = Sky;
			sourceTree = "<group>";
		};
		81C5D94C1E67A8FC003057BA /* SkyTests */ = {
			isa = PBXGroup;
			children = (
				81C5D94D1E67A8FC003057BA /* SkyTests.swift */,
				81C5D94F1E67A8FC003057BA /* Info.plist */,
			);
			path = SkyTests;
			sourceTree = "<group>";
		};
		81C5D9571E67A8FC003057BA /* SkyUITests */ = {
			isa = PBXGroup;
			children = (
				81C5D9581E67A8FC003057BA /* SkyUITests.swift */,
				81C5D95A1E67A8FC003057BA /* Info.plist */,
			);
			path = SkyUITests;
			sourceTree = "<group>";
		};
/* End PBXGroup section */

/* Begin PBXNativeTarget section */
		81C5D9341E67A8FC003057BA /* Sky */ = {
			isa = PBXNativeTarget;
			buildConfigurationList = 81C5D95D1E67A8FC003057BA /* Build configuration list for PBXNativeTarget "Sky" */;
			buildPhases = (
				81C5D9311E67A8FC003057BA /* Sources */,
				81C5D9321E67A8FC003057BA /* Frameworks */,
				81C5D9331E67A8FC003057BA /* Resources */,
			);
			buildRules = (
			);
			dependencies = (
			);
			name = Sky;
			productName = Sky;
			productReference = 81C5D9351E67A8FC003057BA /* Sky.app */;
			productType = "com.apple.product-type.application";
		};
		81C5D9481E67A8FC003057BA /* SkyTests */ = {
			isa = PBXNativeTarget;
			buildConfigurationList = 81C5D9601E67A8FC003057BA /* Build configuration list for PBXNativeTarget "SkyTests" */;
			buildPhases = (
				81C5D9451E67A8FC003057BA /* Sources */,
				81C5D9461E67A8FC003057BA /* Frameworks */,
				81C5D9471E67A8FC003057BA /* Resources */,
			);
			buildRules = (
			);
			dependencies = (
				81C5D94B1E67A8FC003057BA /* PBXTargetDependency */,
			);
			name = SkyTests;
			productName = SkyTests;
			productReference = 81C5D9491E67A8FC003057BA /* SkyTests.xctest */;
			productType = "com.apple.product-type.bundle.unit-test";
		};
		81C5D9531E67A8FC003057BA /* SkyUITests */ = {
			isa = PBXNativeTarget;
			buildConfigurationList = 81C5D9631E67A8FC003057BA /* Build configuration list for PBXNativeTarget "SkyUITests" */;
			buildPhases = (
				81C5D9501E67A8FC003057BA /* Sources */,
				81C5D9511E67A8FC003057BA /* Frameworks */,
				81C5D9521E67A8FC003057BA /* Resources */,
			);
			buildRules = (
			);
			dependencies = (
				81C5D9561E67A8FC003057BA /* PBXTargetDependency */,
			);
			name = SkyUITests;
			productName = SkyUITests;
			productReference = 81C5D9541E67A8FC003057BA /* SkyUITests.xctest */;
			productType = "com.apple.product-type.bundle.ui-testing";
		};
/* End PBXNativeTarget section */

/* Begin PBXProject section */
		81C5D92D1E67A8FC003057BA /* Project object */ = {
			isa = PBXProject;
			attributes = {
				LastSwiftUpdateCheck = 0820;
				LastUpgradeCheck = 0820;
				ORGANIZATIONNAME = IOS;
				TargetAttributes = {
					81C5D9341E67A8FC003057BA = {
						CreatedOnToolsVersion = 8.2.1;
						ProvisioningStyle = Automatic;
					};
					81C5D9481E67A8FC003057BA = {
						CreatedOnToolsVersion = 8.2.1;
						ProvisioningStyle = Automatic;
						TestTargetID = 81C5D9341E67A8FC003057BA;
					};
					81C5D9531E67A8FC003057BA = {
						CreatedOnToolsVersion = 8.2.1;
						ProvisioningStyle = Automatic;
						TestTargetID = 81C5D9341E67A8FC003057BA;
					};
				};
			};
			buildConfigurationList = 81C5D9301E67A8FC003057BA /* Build configuration list for PBXProject "Sky" */;
			compatibilityVersion = "Xcode 3.2";
			developmentRegion = English;
			hasScannedForEncodings = 0;
			knownRegions = (
				en,
				Base,
			);
			mainGroup = 81C5D92C1E67A8FC003057BA;
			productRefGroup = 81C5D9361E67A8FC003057BA /* Products */;
			projectDirPath = "";
			projectRoot = "";
			targets = (
				81C5D9341E67A8FC003057BA /* Sky */,
				81C5D9481E67A8FC003057BA /* SkyTests */,
				81C5D9531E67A8FC003057BA /* SkyUITests */,
			);
		};
/* End PBXProject section */

/* Begin PBXResourcesBuildPhase section */
		81C5D9331E67A8FC003057BA /* Resources */ = {
			isa = PBXResourcesBuildPhase;
			buildActionMask = 2147483647;
			files = (
				81C5D9431E67A8FC003057BA /* LaunchScreen.storyboard in Resources */,
				81C5D9401E67A8FC003057BA /* Assets.xcassets in Resources */,
				81C5D93E1E67A8FC003057BA /* Main.storyboard in Resources */,
			);
			runOnlyForDeploymentPostprocessing = 0;
		};
		81C5D9471E67A8FC003057BA /* Resources */ = {
			isa = PBXResourcesBuildPhase;
			buildActionMask = 2147483647;
			files = (
			);
			runOnlyForDeploymentPostprocessing = 0;
		};
		81C5D9521E67A8FC003057BA /* Resources */ = {
			isa = PBXResourcesBuildPhase;
			buildActionMask = 2147483647;
			files = (
			);
			runOnlyForDeploymentPostprocessing = 0;
		};
/* End PBXResourcesBuildPhase section */

/* Begin PBXSourcesBuildPhase section */
		81C5D9311E67A8FC003057BA /* Sources */ = {
			isa = PBXSourcesBuildPhase;
			buildActionMask = 2147483647;
			files = (
				81C5D93B1E67A8FC003057BA /* ViewController.swift in Sources */,
				81C5D9391E67A8FC003057BA /* AppDelegate.swift in Sources */,
			);
			runOnlyForDeploymentPostprocessing = 0;
		};
		81C5D9451E67A8FC003057BA /* Sources */ = {
			isa = PBXSourcesBuildPhase;
			buildActionMask = 2147483647;
			files = (
				81C5D94E1E67A8FC003057BA /* SkyTests.swift in Sources */,
			);
			runOnlyForDeploymentPostprocessing = 0;
		};
		81C5D9501E67A8FC003057BA /* Sources */ = {
			isa = PBXSourcesBuildPhase;
			buildActionMask = 2147483647;
			files = (
				81C5D9591E67A8FC003057BA /* SkyUITests.swift in Sources */,
			);
			runOnlyForDeploymentPostprocessing = 0;
		};
/* End PBXSourcesBuildPhase section */

/* Begin PBXTargetDependency section */
		81C5D94B1E67A8FC003057BA /* PBXTargetDependency */ = {
			isa = PBXTargetDependency;
			target = 81C5D9341E67A8FC003057BA /* Sky */;
			targetProxy = 81C5D94A1E67A8FC003057BA /* PBXContainerItemProxy */;
		};
		81C5D9561E67A8FC003057BA /* PBXTargetDependency */ = {
			isa = PBXTargetDependency;
			target = 81C5D9341E67A8FC003057BA /* Sky */;
			targetProxy = 81C5D9551E67A8FC003057BA /* PBXContainerItemProxy */;
		};
/* End PBXTargetDependency section */

/* Begin PBXVariantGroup section */
		81C5D93C1E67A8FC003057BA /* Main.storyboard */ = {
			isa = PBXVariantGroup;
			children = (
				81C5D93D1E67A8FC003057BA /* Base */,
			);
			name = Main.storyboard;
			sourceTree = "<group>";
		};
		81C5D9411E67A8FC003057BA /* LaunchScreen.storyboard */ = {
			isa = PBXVariantGroup;
			children = (
				81C5D9421E67A8FC003057BA /* Base */,
			);
			name = LaunchScreen.storyboard;
			sourceTree = "<group>";
		};
/* End PBXVariantGroup section */

/* Begin XCBuildConfiguration section */
		81C5D95B1E67A8FC003057BA /* Debug */ = {
			isa = XCBuildConfiguration;
			buildSettings = {
				ALWAYS_SEARCH_USER_PATHS = NO;
				CLANG_ANALYZER_NONNULL = YES;
				CLANG_CXX_LANGUAGE_STANDARD = "gnu++0x";
				CLANG_CXX_LIBRARY = "libc++";
				CLANG_ENABLE_MODULES = YES;
				CLANG_ENABLE_OBJC_ARC = YES;
				CLANG_WARN_BOOL_CONVERSION = YES;
				CLANG_WARN_CONSTANT_CONVERSION = YES;
				CLANG_WARN_DIRECT_OBJC_ISA_USAGE = YES_ERROR;
				CLANG_WARN_DOCUMENTATION_COMMENTS = YES;
				CLANG_WARN_EMPTY_BODY = YES;
				CLANG_WARN_ENUM_CONVERSION = YES;
				CLANG_WARN_INFINITE_RECURSION = YES;
				CLANG_WARN_INT_CONVERSION = YES;
				CLANG_WARN_OBJC_ROOT_CLASS = YES_ERROR;
				CLANG_WARN_SUSPICIOUS_MOVE = YES;
				CLANG_WARN_UNREACHABLE_CODE = YES;
				CLANG_WARN__DUPLICATE_METHOD_MATCH = YES;
				"CODE_SIGN_IDENTITY[sdk=iphoneos*]" = "iPhone Developer";
				COPY_PHASE_STRIP = NO;
				DEBUG_INFORMATION_FORMAT = dwarf;
				ENABLE_STRICT_OBJC_MSGSEND = YES;
				ENABLE_TESTABILITY = YES;
				GCC_C_LANGUAGE_STANDARD = gnu99;
				GCC_DYNAMIC_NO_PIC = NO;
				GCC_NO_COMMON_BLOCKS = YES;
				GCC_OPTIMIZATION_LEVEL = 0;
				GCC_PREPROCESSOR_DEFINITIONS = (
					"DEBUG=1",
					"$(inherited)",
				);
				GCC_WARN_64_TO_32_BIT_CONVERSION = YES;
				GCC_WARN_ABOUT_RETURN_TYPE = YES_ERROR;
				GCC_WARN_UNDECLARED_SELECTOR = YES;
				GCC_WARN_UNINITIALIZED_AUTOS = YES_AGGRESSIVE;
				GCC_WARN_UNUSED_FUNCTION = YES;
				GCC_WARN_UNUSED_VARIABLE = YES;
				IPHONEOS_DEPLOYMENT_TARGET = 10.2;
				MTL_ENABLE_DEBUG_INFO = YES;
				ONLY_ACTIVE_ARCH = YES;
				SDKROOT = iphoneos;
				SWIFT_ACTIVE_COMPILATION_CONDITIONS = DEBUG;
				SWIFT_OPTIMIZATION_LEVEL = "-Onone";
				TARGETED_DEVICE_FAMILY = "1,2";
			};
			name = Debug;
		};
		81C5D95C1E67A8FC003057BA /* Release */ = {
			isa = XCBuildConfiguration;
			buildSettings = {
				ALWAYS_SEARCH_USER_PATHS = NO;
				CLANG_ANALYZER_NONNULL = YES;
				CLANG_CXX_LANGUAGE_STANDARD = "gnu++0x";
				CLANG_CXX_LIBRARY = "libc++";
				CLANG_ENABLE_MODULES = YES;
				CLANG_ENABLE_OBJC_ARC = YES;
				CLANG_WARN_BOOL_CONVERSION = YES;
				CLANG_WARN_CONSTANT_CONVERSION = YES;
				CLANG_WARN_DIRECT_OBJC_ISA_USAGE = YES_ERROR;
				CLANG_WARN_DOCUMENTATION_COMMENTS = YES;
				CLANG_WARN_EMPTY_BODY = YES;
				CLANG_WARN_ENUM_CONVERSION = YES;
				CLANG_WARN_INFINITE_RECURSION = YES;
				CLANG_WARN_INT_CONVERSION = YES;
				CLANG_WARN_OBJC_ROOT_CLASS = YES_ERROR;
				CLANG_WARN_SUSPICIOUS_MOVE = YES;
				CLANG_WARN_UNREACHABLE_CODE = YES;
				CLANG_WARN__DUPLICATE_METHOD_MATCH = YES;
				"CODE_SIGN_IDENTITY[sdk=iphoneos*]" = "iPhone Developer";
				COPY_PHASE_STRIP = NO;
				DEBUG_INFORMATION_FORMAT = "dwarf-with-dsym";
				ENABLE_NS_ASSERTIONS = NO;
				ENABLE_STRICT_OBJC_MSGSEND = YES;
				GCC_C_LANGUAGE_STANDARD = gnu99;
				GCC_NO_COMMON_BLOCKS = YES;
				GCC_WARN_64_TO_32_BIT_CONVERSION = YES;
				GCC_WARN_ABOUT_RETURN_TYPE = YES_ERROR;
				GCC_WARN_UNDECLARED_SELECTOR = YES;
				GCC_WARN_UNINITIALIZED_AUTOS = YES_AGGRESSIVE;
				GCC_WARN_UNUSED_FUNCTION = YES;
				GCC_WARN_UNUSED_VARIABLE = YES;
				IPHONEOS_DEPLOYMENT_TARGET = 10.2;
				MTL_ENABLE_DEBUG_INFO = NO;
				SDKROOT = iphoneos;
				SWIFT_OPTIMIZATION_LEVEL = "-Owholemodule";
				TARGETED_DEVICE_FAMILY = "1,2";
				VALIDATE_PRODUCT = YES;
			};
			name = Release;
		};
		81C5D95E1E67A8FC003057BA /* Debug */ = {
			isa = XCBuildConfiguration;
			buildSettings = {
				ASSETCATALOG_COMPILER_APPICON_NAME = AppIcon;
				INFOPLIST_FILE = Sky/Info.plist;
				LD_RUNPATH_SEARCH_PATHS = "$(inherited) @executable_path/Frameworks";
				PRODUCT_BUNDLE_IDENTIFIER = Sky.Sky;
				PRODUCT_NAME = "$(TARGET_NAME)";
				SWIFT_VERSION = 3.0;
			};
			name = Debug;
		};
		81C5D95F1E67A8FC003057BA /* Release */ = {
			isa = XCBuildConfiguration;
			buildSettings = {
				ASSETCATALOG_COMPILER_APPICON_NAME = AppIcon;
				INFOPLIST_FILE = Sky/Info.plist;
				LD_RUNPATH_SEARCH_PATHS = "$(inherited) @executable_path/Frameworks";
				PRODUCT_BUNDLE_IDENTIFIER = Sky.Sky;
				PRODUCT_NAME = "$(TARGET_NAME)";
				SWIFT_VERSION = 3.0;
			};
			name = Release;
		};
		81C5D9611E67A8FC003057BA /* Debug */ = {
			isa = XCBuildConfiguration;
			buildSettings = {
				ALWAYS_EMBED_SWIFT_STANDARD_LIBRARIES = YES;
				BUNDLE_LOADER = "$(TEST_HOST)";
				INFOPLIST_FILE = SkyTests/Info.plist;
				LD_RUNPATH_SEARCH_PATHS = "$(inherited) @executable_path/Frameworks @loader_path/Frameworks";
				PRODUCT_BUNDLE_IDENTIFIER = Sky.SkyTests;
				PRODUCT_NAME = "$(TARGET_NAME)";
				SWIFT_VERSION = 3.0;
				TEST_HOST = "$(BUILT_PRODUCTS_DIR)/Sky.app/Sky";
			};
			name = Debug;
		};
		81C5D9621E67A8FC003057BA /* Release */ = {
			isa = XCBuildConfiguration;
			buildSettings = {
				ALWAYS_EMBED_SWIFT_STANDARD_LIBRARIES = YES;
				BUNDLE_LOADER = "$(TEST_HOST)";
				INFOPLIST_FILE = SkyTests/Info.plist;
				LD_RUNPATH_SEARCH_PATHS = "$(inherited) @executable_path/Frameworks @loader_path/Frameworks";
				PRODUCT_BUNDLE_IDENTIFIER = Sky.SkyTests;
				PRODUCT_NAME = "$(TARGET_NAME)";
				SWIFT_VERSION = 3.0;
				TEST_HOST = "$(BUILT_PRODUCTS_DIR)/Sky.app/Sky";
			};
			name = Release;
		};
		81C5D9641E67A8FC003057BA /* Debug */ = {
			isa = XCBuildConfiguration;
			buildSettings = {
				ALWAYS_EMBED_SWIFT_STANDARD_LIBRARIES = YES;
				INFOPLIST_FILE = SkyUITests/Info.plist;
				LD_RUNPATH_SEARCH_PATHS = "$(inherited) @executable_path/Frameworks @loader_path/Frameworks";
				PRODUCT_BUNDLE_IDENTIFIER = Sky.SkyUITests;
				PRODUCT_NAME = "$(TARGET_NAME)";
				SWIFT_VERSION = 3.0;
				TEST_TARGET_NAME = Sky;
			};
			name = Debug;
		};
		81C5D9651E67A8FC003057BA /* Release */ = {
			isa = XCBuildConfiguration;
			buildSettings = {
				ALWAYS_EMBED_SWIFT_STANDARD_LIBRARIES = YES;
				INFOPLIST_FILE = SkyUITests/Info.plist;
				LD_RUNPATH_SEARCH_PATHS = "$(inherited) @executable_path/Frameworks @loader_path/Frameworks";
				PRODUCT_BUNDLE_IDENTIFIER = Sky.SkyUITests;
				PRODUCT_NAME = "$(TARGET_NAME)";
				SWIFT_VERSION = 3.0;
				TEST_TARGET_NAME = Sky;
			};
			name = Release;
		};
/* End XCBuildConfiguration section */

/* Begin XCConfigurationList section */
		81C5D9301E67A8FC003057BA /* Build configuration list for PBXProject "Sky" */ = {
			isa = XCConfigurationList;
			buildConfigurations = (
				81C5D95B1E67A8FC003057BA /* Debug */,
				81C5D95C1E67A8FC003057BA /* Release */,
			);
			defaultConfigurationIsVisible = 0;
			defaultConfigurationName = Release;
		};
		81C5D95D1E67A8FC003057BA /* Build configuration list for PBXNativeTarget "Sky" */ = {
			isa = XCConfigurationList;
			buildConfigurations = (
				81C5D95E1E67A8FC003057BA /* Debug */,
				81C5D95F1E67A8FC003057BA /* Release */,
			);
			defaultConfigurationIsVisible = 0;
		};
		81C5D9601E67A8FC003057BA /* Build configuration list for PBXNativeTarget "SkyTests" */ = {
			isa = XCConfigurationList;
			buildConfigurations = (
				81C5D9611E67A8FC003057BA /* Debug */,
				81C5D9621E67A8FC003057BA /* Release */,
			);
			defaultConfigurationIsVisible = 0;
		};
		81C5D9631E67A8FC003057BA /* Build configuration list for PBXNativeTarget "SkyUITests" */ = {
			isa = XCConfigurationList;
			buildConfigurations = (
				81C5D9641E67A8FC003057BA /* Debug */,
				81C5D9651E67A8FC003057BA /* Release */,
			);
			defaultConfigurationIsVisible = 0;
		};
/* End XCConfigurationList section */
	};
	rootObject = 81C5D92D1E67A8FC003057BA /* Project object */;
}
